// !$*UTF8*$!
{
	archiveVersion = 1;
	classes = {
	};
	objectVersion = 50;
	objects = {

/* Begin PBXBuildFile section */
		4843865921006BAB002EEA0F /* JokeViewCell.swift in Sources */ = {isa = PBXBuildFile; fileRef = 4843865721006BAB002EEA0F /* JokeViewCell.swift */; };
		4843865A21006BAB002EEA0F /* JokeViewCell.xib in Resources */ = {isa = PBXBuildFile; fileRef = 4843865821006BAB002EEA0F /* JokeViewCell.xib */; };
		4843865C2100793E002EEA0F /* UIView + Extensions.swift in Sources */ = {isa = PBXBuildFile; fileRef = 4843865B2100793E002EEA0F /* UIView + Extensions.swift */; };
		48835C5620FF50540008C217 /* Jokes.swift in Sources */ = {isa = PBXBuildFile; fileRef = 48835C5520FF50540008C217 /* Jokes.swift */; };
		48835C5820FF508F0008C217 /* JokesModelView.swift in Sources */ = {isa = PBXBuildFile; fileRef = 48835C5720FF508F0008C217 /* JokesModelView.swift */; };
		48835C5A20FF50B10008C217 /* RequestManager.swift in Sources */ = {isa = PBXBuildFile; fileRef = 48835C5920FF50B10008C217 /* RequestManager.swift */; };
		48EFA49A20FF1A8E00569893 /* AppDelegate.swift in Sources */ = {isa = PBXBuildFile; fileRef = 48EFA49920FF1A8E00569893 /* AppDelegate.swift */; };
		48EFA49C20FF1A8E00569893 /* ViewController.swift in Sources */ = {isa = PBXBuildFile; fileRef = 48EFA49B20FF1A8E00569893 /* ViewController.swift */; };
		48EFA49F20FF1A8E00569893 /* Main.storyboard in Resources */ = {isa = PBXBuildFile; fileRef = 48EFA49D20FF1A8E00569893 /* Main.storyboard */; };
		48EFA4A220FF1A8E00569893 /* Promises_Codeables.xcdatamodeld in Sources */ = {isa = PBXBuildFile; fileRef = 48EFA4A020FF1A8E00569893 /* Promises_Codeables.xcdatamodeld */; };
		48EFA4A420FF1A8F00569893 /* Assets.xcassets in Resources */ = {isa = PBXBuildFile; fileRef = 48EFA4A320FF1A8F00569893 /* Assets.xcassets */; };
		48EFA4A720FF1A8F00569893 /* LaunchScreen.storyboard in Resources */ = {isa = PBXBuildFile; fileRef = 48EFA4A520FF1A8F00569893 /* LaunchScreen.storyboard */; };
		48EFA4B220FF1A8F00569893 /* Promises_CodeablesTests.swift in Sources */ = {isa = PBXBuildFile; fileRef = 48EFA4B120FF1A8F00569893 /* Promises_CodeablesTests.swift */; };
		48EFA4BD20FF1A8F00569893 /* Promises_CodeablesUITests.swift in Sources */ = {isa = PBXBuildFile; fileRef = 48EFA4BC20FF1A8F00569893 /* Promises_CodeablesUITests.swift */; };
		6A97282E9874FB548549A825 /* Pods_Promises_Codeables.framework in Frameworks */ = {isa = PBXBuildFile; fileRef = 93B8D1E0A5A7BF8D5A299058 /* Pods_Promises_Codeables.framework */; };
		CC5CEBDA367589D96C4584E9 /* Pods_Promises_CodeablesUITests.framework in Frameworks */ = {isa = PBXBuildFile; fileRef = 1FE611E001A4164D6BDF8A9A /* Pods_Promises_CodeablesUITests.framework */; };
		FB6A72B8848D44A926558A08 /* Pods_Promises_CodeablesTests.framework in Frameworks */ = {isa = PBXBuildFile; fileRef = 784610704E54B77B6909A3C1 /* Pods_Promises_CodeablesTests.framework */; };
/* End PBXBuildFile section */

/* Begin PBXContainerItemProxy section */
		48EFA4AE20FF1A8F00569893 /* PBXContainerItemProxy */ = {
			isa = PBXContainerItemProxy;
			containerPortal = 48EFA48E20FF1A8E00569893 /* Project object */;
			proxyType = 1;
			remoteGlobalIDString = 48EFA49520FF1A8E00569893;
			remoteInfo = "Promises&Codeables";
		};
		48EFA4B920FF1A8F00569893 /* PBXContainerItemProxy */ = {
			isa = PBXContainerItemProxy;
			containerPortal = 48EFA48E20FF1A8E00569893 /* Project object */;
			proxyType = 1;
			remoteGlobalIDString = 48EFA49520FF1A8E00569893;
			remoteInfo = "Promises&Codeables";
		};
/* End PBXContainerItemProxy section */

/* Begin PBXFileReference section */
		01399D2076E10381CD70BC66 /* Pods-Promises&CodeablesTests.debug.xcconfig */ = {isa = PBXFileReference; includeInIndex = 1; lastKnownFileType = text.xcconfig; name = "Pods-Promises&CodeablesTests.debug.xcconfig"; path = "Pods/Target Support Files/Pods-Promises&CodeablesTests/Pods-Promises&CodeablesTests.debug.xcconfig"; sourceTree = "<group>"; };
		1FE611E001A4164D6BDF8A9A /* Pods_Promises_CodeablesUITests.framework */ = {isa = PBXFileReference; explicitFileType = wrapper.framework; includeInIndex = 0; path = Pods_Promises_CodeablesUITests.framework; sourceTree = BUILT_PRODUCTS_DIR; };
		242E99C4310E098657C61A8D /* Pods-Promises&CodeablesUITests.debug.xcconfig */ = {isa = PBXFileReference; includeInIndex = 1; lastKnownFileType = text.xcconfig; name = "Pods-Promises&CodeablesUITests.debug.xcconfig"; path = "Pods/Target Support Files/Pods-Promises&CodeablesUITests/Pods-Promises&CodeablesUITests.debug.xcconfig"; sourceTree = "<group>"; };
		4843865721006BAB002EEA0F /* JokeViewCell.swift */ = {isa = PBXFileReference; lastKnownFileType = sourcecode.swift; path = JokeViewCell.swift; sourceTree = "<group>"; };
		4843865821006BAB002EEA0F /* JokeViewCell.xib */ = {isa = PBXFileReference; lastKnownFileType = file.xib; path = JokeViewCell.xib; sourceTree = "<group>"; };
		4843865B2100793E002EEA0F /* UIView + Extensions.swift */ = {isa = PBXFileReference; lastKnownFileType = sourcecode.swift; path = "UIView + Extensions.swift"; sourceTree = "<group>"; };
		48835C5520FF50540008C217 /* Jokes.swift */ = {isa = PBXFileReference; lastKnownFileType = sourcecode.swift; path = Jokes.swift; sourceTree = "<group>"; };
		48835C5720FF508F0008C217 /* JokesModelView.swift */ = {isa = PBXFileReference; lastKnownFileType = sourcecode.swift; path = JokesModelView.swift; sourceTree = "<group>"; };
		48835C5920FF50B10008C217 /* RequestManager.swift */ = {isa = PBXFileReference; lastKnownFileType = sourcecode.swift; path = RequestManager.swift; sourceTree = "<group>"; };
		48EFA49620FF1A8E00569893 /* Promises&Codeables.app */ = {isa = PBXFileReference; explicitFileType = wrapper.application; includeInIndex = 0; path = "Promises&Codeables.app"; sourceTree = BUILT_PRODUCTS_DIR; };
		48EFA49920FF1A8E00569893 /* AppDelegate.swift */ = {isa = PBXFileReference; lastKnownFileType = sourcecode.swift; path = AppDelegate.swift; sourceTree = "<group>"; };
		48EFA49B20FF1A8E00569893 /* ViewController.swift */ = {isa = PBXFileReference; lastKnownFileType = sourcecode.swift; path = ViewController.swift; sourceTree = "<group>"; };
		48EFA49E20FF1A8E00569893 /* Base */ = {isa = PBXFileReference; lastKnownFileType = file.storyboard; name = Base; path = Base.lproj/Main.storyboard; sourceTree = "<group>"; };
		48EFA4A120FF1A8E00569893 /* Promises_Codeables.xcdatamodel */ = {isa = PBXFileReference; lastKnownFileType = wrapper.xcdatamodel; path = Promises_Codeables.xcdatamodel; sourceTree = "<group>"; };
		48EFA4A320FF1A8F00569893 /* Assets.xcassets */ = {isa = PBXFileReference; lastKnownFileType = folder.assetcatalog; path = Assets.xcassets; sourceTree = "<group>"; };
		48EFA4A620FF1A8F00569893 /* Base */ = {isa = PBXFileReference; lastKnownFileType = file.storyboard; name = Base; path = Base.lproj/LaunchScreen.storyboard; sourceTree = "<group>"; };
		48EFA4A820FF1A8F00569893 /* Info.plist */ = {isa = PBXFileReference; lastKnownFileType = text.plist.xml; path = Info.plist; sourceTree = "<group>"; };
		48EFA4AD20FF1A8F00569893 /* Promises&CodeablesTests.xctest */ = {isa = PBXFileReference; explicitFileType = wrapper.cfbundle; includeInIndex = 0; path = "Promises&CodeablesTests.xctest"; sourceTree = BUILT_PRODUCTS_DIR; };
		48EFA4B120FF1A8F00569893 /* Promises_CodeablesTests.swift */ = {isa = PBXFileReference; lastKnownFileType = sourcecode.swift; path = Promises_CodeablesTests.swift; sourceTree = "<group>"; };
		48EFA4B320FF1A8F00569893 /* Info.plist */ = {isa = PBXFileReference; lastKnownFileType = text.plist.xml; path = Info.plist; sourceTree = "<group>"; };
		48EFA4B820FF1A8F00569893 /* Promises&CodeablesUITests.xctest */ = {isa = PBXFileReference; explicitFileType = wrapper.cfbundle; includeInIndex = 0; path = "Promises&CodeablesUITests.xctest"; sourceTree = BUILT_PRODUCTS_DIR; };
		48EFA4BC20FF1A8F00569893 /* Promises_CodeablesUITests.swift */ = {isa = PBXFileReference; lastKnownFileType = sourcecode.swift; path = Promises_CodeablesUITests.swift; sourceTree = "<group>"; };
		48EFA4BE20FF1A8F00569893 /* Info.plist */ = {isa = PBXFileReference; lastKnownFileType = text.plist.xml; path = Info.plist; sourceTree = "<group>"; };
		4A44ED8031586A77739FF9BC /* Pods-Promises&CodeablesTests.release.xcconfig */ = {isa = PBXFileReference; includeInIndex = 1; lastKnownFileType = text.xcconfig; name = "Pods-Promises&CodeablesTests.release.xcconfig"; path = "Pods/Target Support Files/Pods-Promises&CodeablesTests/Pods-Promises&CodeablesTests.release.xcconfig"; sourceTree = "<group>"; };
		784610704E54B77B6909A3C1 /* Pods_Promises_CodeablesTests.framework */ = {isa = PBXFileReference; explicitFileType = wrapper.framework; includeInIndex = 0; path = Pods_Promises_CodeablesTests.framework; sourceTree = BUILT_PRODUCTS_DIR; };
		93B8D1E0A5A7BF8D5A299058 /* Pods_Promises_Codeables.framework */ = {isa = PBXFileReference; explicitFileType = wrapper.framework; includeInIndex = 0; path = Pods_Promises_Codeables.framework; sourceTree = BUILT_PRODUCTS_DIR; };
		98C53AE4D24A85FC974FE0AE /* Pods-Promises&CodeablesUITests.release.xcconfig */ = {isa = PBXFileReference; includeInIndex = 1; lastKnownFileType = text.xcconfig; name = "Pods-Promises&CodeablesUITests.release.xcconfig"; path = "Pods/Target Support Files/Pods-Promises&CodeablesUITests/Pods-Promises&CodeablesUITests.release.xcconfig"; sourceTree = "<group>"; };
		D6010AA48A2ED42638D3D106 /* Pods-Promises&Codeables.release.xcconfig */ = {isa = PBXFileReference; includeInIndex = 1; lastKnownFileType = text.xcconfig; name = "Pods-Promises&Codeables.release.xcconfig"; path = "Pods/Target Support Files/Pods-Promises&Codeables/Pods-Promises&Codeables.release.xcconfig"; sourceTree = "<group>"; };
		FF651CDDF6227FCC8ED03E12 /* Pods-Promises&Codeables.debug.xcconfig */ = {isa = PBXFileReference; includeInIndex = 1; lastKnownFileType = text.xcconfig; name = "Pods-Promises&Codeables.debug.xcconfig"; path = "Pods/Target Support Files/Pods-Promises&Codeables/Pods-Promises&Codeables.debug.xcconfig"; sourceTree = "<group>"; };
/* End PBXFileReference section */

/* Begin PBXFrameworksBuildPhase section */
		48EFA49320FF1A8E00569893 /* Frameworks */ = {
			isa = PBXFrameworksBuildPhase;
			buildActionMask = 2147483647;
			files = (
				6A97282E9874FB548549A825 /* Pods_Promises_Codeables.framework in Frameworks */,
			);
			runOnlyForDeploymentPostprocessing = 0;
		};
		48EFA4AA20FF1A8F00569893 /* Frameworks */ = {
			isa = PBXFrameworksBuildPhase;
			buildActionMask = 2147483647;
			files = (
				FB6A72B8848D44A926558A08 /* Pods_Promises_CodeablesTests.framework in Frameworks */,
			);
			runOnlyForDeploymentPostprocessing = 0;
		};
		48EFA4B520FF1A8F00569893 /* Frameworks */ = {
			isa = PBXFrameworksBuildPhase;
			buildActionMask = 2147483647;
			files = (
				CC5CEBDA367589D96C4584E9 /* Pods_Promises_CodeablesUITests.framework in Frameworks */,
			);
			runOnlyForDeploymentPostprocessing = 0;
		};
/* End PBXFrameworksBuildPhase section */

/* Begin PBXGroup section */
		48835C5020FF4BA70008C217 /* View */ = {
			isa = PBXGroup;
			children = (
				48EFA49D20FF1A8E00569893 /* Main.storyboard */,
				48EFA4A520FF1A8F00569893 /* LaunchScreen.storyboard */,
				4843865721006BAB002EEA0F /* JokeViewCell.swift */,
				4843865821006BAB002EEA0F /* JokeViewCell.xib */,
			);
			path = View;
			sourceTree = "<group>";
		};
		48835C5120FF4BAF0008C217 /* Model */ = {
			isa = PBXGroup;
			children = (
				48835C5520FF50540008C217 /* Jokes.swift */,
			);
			path = Model;
			sourceTree = "<group>";
		};
		48835C5220FF4BC00008C217 /* ViewModel */ = {
			isa = PBXGroup;
			children = (
				48835C5720FF508F0008C217 /* JokesModelView.swift */,
			);
			path = ViewModel;
			sourceTree = "<group>";
		};
		48835C5320FF4BE80008C217 /* Controller */ = {
			isa = PBXGroup;
			children = (
				48EFA49920FF1A8E00569893 /* AppDelegate.swift */,
				48EFA49B20FF1A8E00569893 /* ViewController.swift */,
			);
			path = Controller;
			sourceTree = "<group>";
		};
		48835C5420FF4E890008C217 /* Util */ = {
			isa = PBXGroup;
			children = (
				48835C5920FF50B10008C217 /* RequestManager.swift */,
				4843865B2100793E002EEA0F /* UIView + Extensions.swift */,
			);
			path = Util;
			sourceTree = "<group>";
		};
		48EFA48D20FF1A8E00569893 = {
			isa = PBXGroup;
			children = (
				48EFA49820FF1A8E00569893 /* Promises&Codeables */,
				48EFA4B020FF1A8F00569893 /* Promises&CodeablesTests */,
				48EFA4BB20FF1A8F00569893 /* Promises&CodeablesUITests */,
				48EFA49720FF1A8E00569893 /* Products */,
				E5E17A1AD9230654F681CB6D /* Pods */,
				AD43E4519197F2015019FCFC /* Frameworks */,
			);
			sourceTree = "<group>";
		};
		48EFA49720FF1A8E00569893 /* Products */ = {
			isa = PBXGroup;
			children = (
				48EFA49620FF1A8E00569893 /* Promises&Codeables.app */,
				48EFA4AD20FF1A8F00569893 /* Promises&CodeablesTests.xctest */,
				48EFA4B820FF1A8F00569893 /* Promises&CodeablesUITests.xctest */,
			);
			name = Products;
			sourceTree = "<group>";
		};
		48EFA49820FF1A8E00569893 /* Promises&Codeables */ = {
			isa = PBXGroup;
			children = (
				48835C5120FF4BAF0008C217 /* Model */,
				48835C5220FF4BC00008C217 /* ViewModel */,
				48835C5020FF4BA70008C217 /* View */,
				48835C5320FF4BE80008C217 /* Controller */,
				48835C5420FF4E890008C217 /* Util */,
				48EFA4A320FF1A8F00569893 /* Assets.xcassets */,
				48EFA4A820FF1A8F00569893 /* Info.plist */,
				48EFA4A020FF1A8E00569893 /* Promises_Codeables.xcdatamodeld */,
			);
			path = "Promises&Codeables";
			sourceTree = "<group>";
		};
		48EFA4B020FF1A8F00569893 /* Promises&CodeablesTests */ = {
			isa = PBXGroup;
			children = (
				48EFA4B120FF1A8F00569893 /* Promises_CodeablesTests.swift */,
				48EFA4B320FF1A8F00569893 /* Info.plist */,
			);
			path = "Promises&CodeablesTests";
			sourceTree = "<group>";
		};
		48EFA4BB20FF1A8F00569893 /* Promises&CodeablesUITests */ = {
			isa = PBXGroup;
			children = (
				48EFA4BC20FF1A8F00569893 /* Promises_CodeablesUITests.swift */,
				48EFA4BE20FF1A8F00569893 /* Info.plist */,
			);
			path = "Promises&CodeablesUITests";
			sourceTree = "<group>";
		};
		AD43E4519197F2015019FCFC /* Frameworks */ = {
			isa = PBXGroup;
			children = (
				93B8D1E0A5A7BF8D5A299058 /* Pods_Promises_Codeables.framework */,
				784610704E54B77B6909A3C1 /* Pods_Promises_CodeablesTests.framework */,
				1FE611E001A4164D6BDF8A9A /* Pods_Promises_CodeablesUITests.framework */,
			);
			name = Frameworks;
			sourceTree = "<group>";
		};
		E5E17A1AD9230654F681CB6D /* Pods */ = {
			isa = PBXGroup;
			children = (
				FF651CDDF6227FCC8ED03E12 /* Pods-Promises&Codeables.debug.xcconfig */,
				D6010AA48A2ED42638D3D106 /* Pods-Promises&Codeables.release.xcconfig */,
				01399D2076E10381CD70BC66 /* Pods-Promises&CodeablesTests.debug.xcconfig */,
				4A44ED8031586A77739FF9BC /* Pods-Promises&CodeablesTests.release.xcconfig */,
				242E99C4310E098657C61A8D /* Pods-Promises&CodeablesUITests.debug.xcconfig */,
				98C53AE4D24A85FC974FE0AE /* Pods-Promises&CodeablesUITests.release.xcconfig */,
			);
			name = Pods;
			sourceTree = "<group>";
		};
/* End PBXGroup section */

/* Begin PBXNativeTarget section */
		48EFA49520FF1A8E00569893 /* Promises&Codeables */ = {
			isa = PBXNativeTarget;
			buildConfigurationList = 48EFA4C120FF1A8F00569893 /* Build configuration list for PBXNativeTarget "Promises&Codeables" */;
			buildPhases = (
				C0E97C16B7FA5515EC3A193E /* [CP] Check Pods Manifest.lock */,
				48EFA49220FF1A8E00569893 /* Sources */,
				48EFA49320FF1A8E00569893 /* Frameworks */,
				48EFA49420FF1A8E00569893 /* Resources */,
				3A894EDE35C0F1DB0457E943 /* [CP] Embed Pods Frameworks */,
			);
			buildRules = (
			);
			dependencies = (
			);
			name = "Promises&Codeables";
			productName = "Promises&Codeables";
			productReference = 48EFA49620FF1A8E00569893 /* Promises&Codeables.app */;
			productType = "com.apple.product-type.application";
		};
		48EFA4AC20FF1A8F00569893 /* Promises&CodeablesTests */ = {
			isa = PBXNativeTarget;
			buildConfigurationList = 48EFA4C420FF1A8F00569893 /* Build configuration list for PBXNativeTarget "Promises&CodeablesTests" */;
			buildPhases = (
				E8695FACF681CFC4BE15FEC1 /* [CP] Check Pods Manifest.lock */,
				48EFA4A920FF1A8F00569893 /* Sources */,
				48EFA4AA20FF1A8F00569893 /* Frameworks */,
				48EFA4AB20FF1A8F00569893 /* Resources */,
			);
			buildRules = (
			);
			dependencies = (
				48EFA4AF20FF1A8F00569893 /* PBXTargetDependency */,
			);
			name = "Promises&CodeablesTests";
			productName = "Promises&CodeablesTests";
			productReference = 48EFA4AD20FF1A8F00569893 /* Promises&CodeablesTests.xctest */;
			productType = "com.apple.product-type.bundle.unit-test";
		};
		48EFA4B720FF1A8F00569893 /* Promises&CodeablesUITests */ = {
			isa = PBXNativeTarget;
			buildConfigurationList = 48EFA4C720FF1A8F00569893 /* Build configuration list for PBXNativeTarget "Promises&CodeablesUITests" */;
			buildPhases = (
				0596ED6F56EF30CF6B43EB47 /* [CP] Check Pods Manifest.lock */,
				48EFA4B420FF1A8F00569893 /* Sources */,
				48EFA4B520FF1A8F00569893 /* Frameworks */,
				48EFA4B620FF1A8F00569893 /* Resources */,
			);
			buildRules = (
			);
			dependencies = (
				48EFA4BA20FF1A8F00569893 /* PBXTargetDependency */,
			);
			name = "Promises&CodeablesUITests";
			productName = "Promises&CodeablesUITests";
			productReference = 48EFA4B820FF1A8F00569893 /* Promises&CodeablesUITests.xctest */;
			productType = "com.apple.product-type.bundle.ui-testing";
		};
/* End PBXNativeTarget section */

/* Begin PBXProject section */
		48EFA48E20FF1A8E00569893 /* Project object */ = {
			isa = PBXProject;
			attributes = {
				LastSwiftUpdateCheck = 0930;
				LastUpgradeCheck = 0930;
				ORGANIZATIONNAME = 1042834;
				TargetAttributes = {
					48EFA49520FF1A8E00569893 = {
						CreatedOnToolsVersion = 9.3.1;
					};
					48EFA4AC20FF1A8F00569893 = {
						CreatedOnToolsVersion = 9.3.1;
						TestTargetID = 48EFA49520FF1A8E00569893;
					};
					48EFA4B720FF1A8F00569893 = {
						CreatedOnToolsVersion = 9.3.1;
						TestTargetID = 48EFA49520FF1A8E00569893;
					};
				};
			};
			buildConfigurationList = 48EFA49120FF1A8E00569893 /* Build configuration list for PBXProject "Promises&Codeables" */;
			compatibilityVersion = "Xcode 9.3";
			developmentRegion = en;
			hasScannedForEncodings = 0;
			knownRegions = (
				en,
				Base,
			);
			mainGroup = 48EFA48D20FF1A8E00569893;
			productRefGroup = 48EFA49720FF1A8E00569893 /* Products */;
			projectDirPath = "";
			projectRoot = "";
			targets = (
				48EFA49520FF1A8E00569893 /* Promises&Codeables */,
				48EFA4AC20FF1A8F00569893 /* Promises&CodeablesTests */,
				48EFA4B720FF1A8F00569893 /* Promises&CodeablesUITests */,
			);
		};
/* End PBXProject section */

/* Begin PBXResourcesBuildPhase section */
		48EFA49420FF1A8E00569893 /* Resources */ = {
			isa = PBXResourcesBuildPhase;
			buildActionMask = 2147483647;
			files = (
				48EFA4A720FF1A8F00569893 /* LaunchScreen.storyboard in Resources */,
				4843865A21006BAB002EEA0F /* JokeViewCell.xib in Resources */,
				48EFA4A420FF1A8F00569893 /* Assets.xcassets in Resources */,
				48EFA49F20FF1A8E00569893 /* Main.storyboard in Resources */,
			);
			runOnlyForDeploymentPostprocessing = 0;
		};
		48EFA4AB20FF1A8F00569893 /* Resources */ = {
			isa = PBXResourcesBuildPhase;
			buildActionMask = 2147483647;
			files = (
			);
			runOnlyForDeploymentPostprocessing = 0;
		};
		48EFA4B620FF1A8F00569893 /* Resources */ = {
			isa = PBXResourcesBuildPhase;
			buildActionMask = 2147483647;
			files = (
			);
			runOnlyForDeploymentPostprocessing = 0;
		};
/* End PBXResourcesBuildPhase section */

/* Begin PBXShellScriptBuildPhase section */
		0596ED6F56EF30CF6B43EB47 /* [CP] Check Pods Manifest.lock */ = {
			isa = PBXShellScriptBuildPhase;
			buildActionMask = 2147483647;
			files = (
			);
			inputPaths = (
				"${PODS_PODFILE_DIR_PATH}/Podfile.lock",
				"${PODS_ROOT}/Manifest.lock",
			);
			name = "[CP] Check Pods Manifest.lock";
			outputPaths = (
				"$(DERIVED_FILE_DIR)/Pods-Promises&CodeablesUITests-checkManifestLockResult.txt",
			);
			runOnlyForDeploymentPostprocessing = 0;
			shellPath = /bin/sh;
			shellScript = "diff \"${PODS_PODFILE_DIR_PATH}/Podfile.lock\" \"${PODS_ROOT}/Manifest.lock\" > /dev/null\nif [ $? != 0 ] ; then\n    # print error to STDERR\n    echo \"error: The sandbox is not in sync with the Podfile.lock. Run 'pod install' or update your CocoaPods installation.\" >&2\n    exit 1\nfi\n# This output is used by Xcode 'outputs' to avoid re-running this script phase.\necho \"SUCCESS\" > \"${SCRIPT_OUTPUT_FILE_0}\"\n";
			showEnvVarsInLog = 0;
		};
		3A894EDE35C0F1DB0457E943 /* [CP] Embed Pods Frameworks */ = {
			isa = PBXShellScriptBuildPhase;
			buildActionMask = 2147483647;
			files = (
			);
			inputPaths = (
				"${SRCROOT}/Pods/Target Support Files/Pods-Promises&Codeables/Pods-Promises&Codeables-frameworks.sh",
				"${BUILT_PRODUCTS_DIR}/Alamofire/Alamofire.framework",
				"${BUILT_PRODUCTS_DIR}/PromiseKit/PromiseKit.framework",
				"${BUILT_PRODUCTS_DIR}/SVProgressHUD/SVProgressHUD.framework",
			);
			name = "[CP] Embed Pods Frameworks";
			outputPaths = (
				"${TARGET_BUILD_DIR}/${FRAMEWORKS_FOLDER_PATH}/Alamofire.framework",
				"${TARGET_BUILD_DIR}/${FRAMEWORKS_FOLDER_PATH}/PromiseKit.framework",
				"${TARGET_BUILD_DIR}/${FRAMEWORKS_FOLDER_PATH}/SVProgressHUD.framework",
			);
			runOnlyForDeploymentPostprocessing = 0;
			shellPath = /bin/sh;
			shellScript = "\"${SRCROOT}/Pods/Target Support Files/Pods-Promises&Codeables/Pods-Promises&Codeables-frameworks.sh\"\n";
			showEnvVarsInLog = 0;
		};
		C0E97C16B7FA5515EC3A193E /* [CP] Check Pods Manifest.lock */ = {
			isa = PBXShellScriptBuildPhase;
			buildActionMask = 2147483647;
			files = (
			);
			inputPaths = (
				"${PODS_PODFILE_DIR_PATH}/Podfile.lock",
				"${PODS_ROOT}/Manifest.lock",
			);
			name = "[CP] Check Pods Manifest.lock";
			outputPaths = (
				"$(DERIVED_FILE_DIR)/Pods-Promises&Codeables-checkManifestLockResult.txt",
			);
			runOnlyForDeploymentPostprocessing = 0;
			shellPath = /bin/sh;
			shellScript = "diff \"${PODS_PODFILE_DIR_PATH}/Podfile.lock\" \"${PODS_ROOT}/Manifest.lock\" > /dev/null\nif [ $? != 0 ] ; then\n    # print error to STDERR\n    echo \"error: The sandbox is not in sync with the Podfile.lock. Run 'pod install' or update your CocoaPods installation.\" >&2\n    exit 1\nfi\n# This output is used by Xcode 'outputs' to avoid re-running this script phase.\necho \"SUCCESS\" > \"${SCRIPT_OUTPUT_FILE_0}\"\n";
			showEnvVarsInLog = 0;
		};
		E8695FACF681CFC4BE15FEC1 /* [CP] Check Pods Manifest.lock */ = {
			isa = PBXShellScriptBuildPhase;
			buildActionMask = 2147483647;
			files = (
			);
			inputPaths = (
				"${PODS_PODFILE_DIR_PATH}/Podfile.lock",
				"${PODS_ROOT}/Manifest.lock",
			);
			name = "[CP] Check Pods Manifest.lock";
			outputPaths = (
				"$(DERIVED_FILE_DIR)/Pods-Promises&CodeablesTests-checkManifestLockResult.txt",
			);
			runOnlyForDeploymentPostprocessing = 0;
			shellPath = /bin/sh;
			shellScript = "diff \"${PODS_PODFILE_DIR_PATH}/Podfile.lock\" \"${PODS_ROOT}/Manifest.lock\" > /dev/null\nif [ $? != 0 ] ; then\n    # print error to STDERR\n    echo \"error: The sandbox is not in sync with the Podfile.lock. Run 'pod install' or update your CocoaPods installation.\" >&2\n    exit 1\nfi\n# This output is used by Xcode 'outputs' to avoid re-running this script phase.\necho \"SUCCESS\" > \"${SCRIPT_OUTPUT_FILE_0}\"\n";
			showEnvVarsInLog = 0;
		};
/* End PBXShellScriptBuildPhase section */

/* Begin PBXSourcesBuildPhase section */
		48EFA49220FF1A8E00569893 /* Sources */ = {
			isa = PBXSourcesBuildPhase;
			buildActionMask = 2147483647;
			files = (
				4843865C2100793E002EEA0F /* UIView + Extensions.swift in Sources */,
				48835C5820FF508F0008C217 /* JokesModelView.swift in Sources */,
				48EFA49C20FF1A8E00569893 /* ViewController.swift in Sources */,
				48EFA49A20FF1A8E00569893 /* AppDelegate.swift in Sources */,
				48835C5A20FF50B10008C217 /* RequestManager.swift in Sources */,
				48835C5620FF50540008C217 /* Jokes.swift in Sources */,
				48EFA4A220FF1A8E00569893 /* Promises_Codeables.xcdatamodeld in Sources */,
				4843865921006BAB002EEA0F /* JokeViewCell.swift in Sources */,
			);
			runOnlyForDeploymentPostprocessing = 0;
		};
		48EFA4A920FF1A8F00569893 /* Sources */ = {
			isa = PBXSourcesBuildPhase;
			buildActionMask = 2147483647;
			files = (
				48EFA4B220FF1A8F00569893 /* Promises_CodeablesTests.swift in Sources */,
			);
			runOnlyForDeploymentPostprocessing = 0;
		};
		48EFA4B420FF1A8F00569893 /* Sources */ = {
			isa = PBXSourcesBuildPhase;
			buildActionMask = 2147483647;
			files = (
				48EFA4BD20FF1A8F00569893 /* Promises_CodeablesUITests.swift in Sources */,
			);
			runOnlyForDeploymentPostprocessing = 0;
		};
/* End PBXSourcesBuildPhase section */

/* Begin PBXTargetDependency section */
		48EFA4AF20FF1A8F00569893 /* PBXTargetDependency */ = {
			isa = PBXTargetDependency;
			target = 48EFA49520FF1A8E00569893 /* Promises&Codeables */;
			targetProxy = 48EFA4AE20FF1A8F00569893 /* PBXContainerItemProxy */;
		};
		48EFA4BA20FF1A8F00569893 /* PBXTargetDependency */ = {
			isa = PBXTargetDependency;
			target = 48EFA49520FF1A8E00569893 /* Promises&Codeables */;
			targetProxy = 48EFA4B920FF1A8F00569893 /* PBXContainerItemProxy */;
		};
/* End PBXTargetDependency section */

/* Begin PBXVariantGroup section */
		48EFA49D20FF1A8E00569893 /* Main.storyboard */ = {
			isa = PBXVariantGroup;
			children = (
				48EFA49E20FF1A8E00569893 /* Base */,
			);
			name = Main.storyboard;
			sourceTree = "<group>";
		};
		48EFA4A520FF1A8F00569893 /* LaunchScreen.storyboard */ = {
			isa = PBXVariantGroup;
			children = (
				48EFA4A620FF1A8F00569893 /* Base */,
			);
			name = LaunchScreen.storyboard;
			sourceTree = "<group>";
		};
/* End PBXVariantGroup section */

/* Begin XCBuildConfiguration section */
		48EFA4BF20FF1A8F00569893 /* Debug */ = {
			isa = XCBuildConfiguration;
			buildSettings = {
				ALWAYS_SEARCH_USER_PATHS = NO;
				CLANG_ANALYZER_NONNULL = YES;
				CLANG_ANALYZER_NUMBER_OBJECT_CONVERSION = YES_AGGRESSIVE;
				CLANG_CXX_LANGUAGE_STANDARD = "gnu++14";
				CLANG_CXX_LIBRARY = "libc++";
				CLANG_ENABLE_MODULES = YES;
				CLANG_ENABLE_OBJC_ARC = YES;
				CLANG_ENABLE_OBJC_WEAK = YES;
				CLANG_WARN_BLOCK_CAPTURE_AUTORELEASING = YES;
				CLANG_WARN_BOOL_CONVERSION = YES;
				CLANG_WARN_COMMA = YES;
				CLANG_WARN_CONSTANT_CONVERSION = YES;
				CLANG_WARN_DEPRECATED_OBJC_IMPLEMENTATIONS = YES;
				CLANG_WARN_DIRECT_OBJC_ISA_USAGE = YES_ERROR;
				CLANG_WARN_DOCUMENTATION_COMMENTS = YES;
				CLANG_WARN_EMPTY_BODY = YES;
				CLANG_WARN_ENUM_CONVERSION = YES;
				CLANG_WARN_INFINITE_RECURSION = YES;
				CLANG_WARN_INT_CONVERSION = YES;
				CLANG_WARN_NON_LITERAL_NULL_CONVERSION = YES;
				CLANG_WARN_OBJC_IMPLICIT_RETAIN_SELF = YES;
				CLANG_WARN_OBJC_LITERAL_CONVERSION = YES;
				CLANG_WARN_OBJC_ROOT_CLASS = YES_ERROR;
				CLANG_WARN_RANGE_LOOP_ANALYSIS = YES;
				CLANG_WARN_STRICT_PROTOTYPES = YES;
				CLANG_WARN_SUSPICIOUS_MOVE = YES;
				CLANG_WARN_UNGUARDED_AVAILABILITY = YES_AGGRESSIVE;
				CLANG_WARN_UNREACHABLE_CODE = YES;
				CLANG_WARN__DUPLICATE_METHOD_MATCH = YES;
				CODE_SIGN_IDENTITY = "iPhone Developer";
				COPY_PHASE_STRIP = NO;
				DEBUG_INFORMATION_FORMAT = dwarf;
				ENABLE_STRICT_OBJC_MSGSEND = YES;
				ENABLE_TESTABILITY = YES;
				GCC_C_LANGUAGE_STANDARD = gnu11;
				GCC_DYNAMIC_NO_PIC = NO;
				GCC_NO_COMMON_BLOCKS = YES;
				GCC_OPTIMIZATION_LEVEL = 0;
				GCC_PREPROCESSOR_DEFINITIONS = (
					"DEBUG=1",
					"$(inherited)",
				);
				GCC_WARN_64_TO_32_BIT_CONVERSION = YES;
				GCC_WARN_ABOUT_RETURN_TYPE = YES_ERROR;
				GCC_WARN_UNDECLARED_SELECTOR = YES;
				GCC_WARN_UNINITIALIZED_AUTOS = YES_AGGRESSIVE;
				GCC_WARN_UNUSED_FUNCTION = YES;
				GCC_WARN_UNUSED_VARIABLE = YES;
				IPHONEOS_DEPLOYMENT_TARGET = 11.3;
				MTL_ENABLE_DEBUG_INFO = YES;
				ONLY_ACTIVE_ARCH = YES;
				SDKROOT = iphoneos;
				SWIFT_ACTIVE_COMPILATION_CONDITIONS = DEBUG;
				SWIFT_OPTIMIZATION_LEVEL = "-Onone";
			};
			name = Debug;
		};
		48EFA4C020FF1A8F00569893 /* Release */ = {
			isa = XCBuildConfiguration;
			buildSettings = {
				ALWAYS_SEARCH_USER_PATHS = NO;
				CLANG_ANALYZER_NONNULL = YES;
				CLANG_ANALYZER_NUMBER_OBJECT_CONVERSION = YES_AGGRESSIVE;
				CLANG_CXX_LANGUAGE_STANDARD = "gnu++14";
				CLANG_CXX_LIBRARY = "libc++";
				CLANG_ENABLE_MODULES = YES;
				CLANG_ENABLE_OBJC_ARC = YES;
				CLANG_ENABLE_OBJC_WEAK = YES;
				CLANG_WARN_BLOCK_CAPTURE_AUTORELEASING = YES;
				CLANG_WARN_BOOL_CONVERSION = YES;
				CLANG_WARN_COMMA = YES;
				CLANG_WARN_CONSTANT_CONVERSION = YES;
				CLANG_WARN_DEPRECATED_OBJC_IMPLEMENTATIONS = YES;
				CLANG_WARN_DIRECT_OBJC_ISA_USAGE = YES_ERROR;
				CLANG_WARN_DOCUMENTATION_COMMENTS = YES;
				CLANG_WARN_EMPTY_BODY = YES;
				CLANG_WARN_ENUM_CONVERSION = YES;
				CLANG_WARN_INFINITE_RECURSION = YES;
				CLANG_WARN_INT_CONVERSION = YES;
				CLANG_WARN_NON_LITERAL_NULL_CONVERSION = YES;
				CLANG_WARN_OBJC_IMPLICIT_RETAIN_SELF = YES;
				CLANG_WARN_OBJC_LITERAL_CONVERSION = YES;
				CLANG_WARN_OBJC_ROOT_CLASS = YES_ERROR;
				CLANG_WARN_RANGE_LOOP_ANALYSIS = YES;
				CLANG_WARN_STRICT_PROTOTYPES = YES;
				CLANG_WARN_SUSPICIOUS_MOVE = YES;
				CLANG_WARN_UNGUARDED_AVAILABILITY = YES_AGGRESSIVE;
				CLANG_WARN_UNREACHABLE_CODE = YES;
				CLANG_WARN__DUPLICATE_METHOD_MATCH = YES;
				CODE_SIGN_IDENTITY = "iPhone Developer";
				COPY_PHASE_STRIP = NO;
				DEBUG_INFORMATION_FORMAT = "dwarf-with-dsym";
				ENABLE_NS_ASSERTIONS = NO;
				ENABLE_STRICT_OBJC_MSGSEND = YES;
				GCC_C_LANGUAGE_STANDARD = gnu11;
				GCC_NO_COMMON_BLOCKS = YES;
				GCC_WARN_64_TO_32_BIT_CONVERSION = YES;
				GCC_WARN_ABOUT_RETURN_TYPE = YES_ERROR;
				GCC_WARN_UNDECLARED_SELECTOR = YES;
				GCC_WARN_UNINITIALIZED_AUTOS = YES_AGGRESSIVE;
				GCC_WARN_UNUSED_FUNCTION = YES;
				GCC_WARN_UNUSED_VARIABLE = YES;
				IPHONEOS_DEPLOYMENT_TARGET = 11.3;
				MTL_ENABLE_DEBUG_INFO = NO;
				SDKROOT = iphoneos;
				SWIFT_COMPILATION_MODE = wholemodule;
				SWIFT_OPTIMIZATION_LEVEL = "-O";
				VALIDATE_PRODUCT = YES;
			};
			name = Release;
		};
		48EFA4C220FF1A8F00569893 /* Debug */ = {
			isa = XCBuildConfiguration;
			baseConfigurationReference = FF651CDDF6227FCC8ED03E12 /* Pods-Promises&Codeables.debug.xcconfig */;
			buildSettings = {
				ASSETCATALOG_COMPILER_APPICON_NAME = AppIcon;
				CODE_SIGN_STYLE = Automatic;
				INFOPLIST_FILE = "Promises&Codeables/Info.plist";
				LD_RUNPATH_SEARCH_PATHS = (
					"$(inherited)",
					"@executable_path/Frameworks",
				);
				PRODUCT_BUNDLE_IDENTIFIER = "com.Striker.Promises-Codeables";
				PRODUCT_NAME = "$(TARGET_NAME)";
				SWIFT_VERSION = 4.0;
				TARGETED_DEVICE_FAMILY = "1,2";
			};
			name = Debug;
		};
		48EFA4C320FF1A8F00569893 /* Release */ = {
			isa = XCBuildConfiguration;
			baseConfigurationReference = D6010AA48A2ED42638D3D106 /* Pods-Promises&Codeables.release.xcconfig */;
			buildSettings = {
				ASSETCATALOG_COMPILER_APPICON_NAME = AppIcon;
				CODE_SIGN_STYLE = Automatic;
				INFOPLIST_FILE = "Promises&Codeables/Info.plist";
				LD_RUNPATH_SEARCH_PATHS = (
					"$(inherited)",
					"@executable_path/Frameworks",
				);
				PRODUCT_BUNDLE_IDENTIFIER = "com.Striker.Promises-Codeables";
				PRODUCT_NAME = "$(TARGET_NAME)";
				SWIFT_VERSION = 4.0;
				TARGETED_DEVICE_FAMILY = "1,2";
			};
			name = Release;
		};
		48EFA4C520FF1A8F00569893 /* Debug */ = {
			isa = XCBuildConfiguration;
			baseConfigurationReference = 01399D2076E10381CD70BC66 /* Pods-Promises&CodeablesTests.debug.xcconfig */;
			buildSettings = {
				ALWAYS_EMBED_SWIFT_STANDARD_LIBRARIES = YES;
				BUNDLE_LOADER = "$(TEST_HOST)";
				CODE_SIGN_STYLE = Automatic;
				INFOPLIST_FILE = "Promises&CodeablesTests/Info.plist";
				LD_RUNPATH_SEARCH_PATHS = (
					"$(inherited)",
					"@executable_path/Frameworks",
					"@loader_path/Frameworks",
				);
				PRODUCT_BUNDLE_IDENTIFIER = "com.Striker.Promises-CodeablesTests";
				PRODUCT_NAME = "$(TARGET_NAME)";
				SWIFT_VERSION = 4.0;
				TARGETED_DEVICE_FAMILY = "1,2";
				TEST_HOST = "$(BUILT_PRODUCTS_DIR)/Promises&Codeables.app/Promises&Codeables";
			};
			name = Debug;
		};
		48EFA4C620FF1A8F00569893 /* Release */ = {
			isa = XCBuildConfiguration;
			baseConfigurationReference = 4A44ED8031586A77739FF9BC /* Pods-Promises&CodeablesTests.release.xcconfig */;
			buildSettings = {
				ALWAYS_EMBED_SWIFT_STANDARD_LIBRARIES = YES;
				BUNDLE_LOADER = "$(TEST_HOST)";
				CODE_SIGN_STYLE = Automatic;
				INFOPLIST_FILE = "Promises&CodeablesTests/Info.plist";
				LD_RUNPATH_SEARCH_PATHS = (
					"$(inherited)",
					"@executable_path/Frameworks",
					"@loader_path/Frameworks",
				);
				PRODUCT_BUNDLE_IDENTIFIER = "com.Striker.Promises-CodeablesTests";
				PRODUCT_NAME = "$(TARGET_NAME)";
				SWIFT_VERSION = 4.0;
				TARGETED_DEVICE_FAMILY = "1,2";
				TEST_HOST = "$(BUILT_PRODUCTS_DIR)/Promises&Codeables.app/Promises&Codeables";
			};
			name = Release;
		};
		48EFA4C820FF1A8F00569893 /* Debug */ = {
			isa = XCBuildConfiguration;
			baseConfigurationReference = 242E99C4310E098657C61A8D /* Pods-Promises&CodeablesUITests.debug.xcconfig */;
			buildSettings = {
				ALWAYS_EMBED_SWIFT_STANDARD_LIBRARIES = YES;
				CODE_SIGN_STYLE = Automatic;
				INFOPLIST_FILE = "Promises&CodeablesUITests/Info.plist";
				LD_RUNPATH_SEARCH_PATHS = (
					"$(inherited)",
					"@executable_path/Frameworks",
					"@loader_path/Frameworks",
				);
				PRODUCT_BUNDLE_IDENTIFIER = "com.Striker.Promises-CodeablesUITests";
				PRODUCT_NAME = "$(TARGET_NAME)";
				SWIFT_VERSION = 4.0;
				TARGETED_DEVICE_FAMILY = "1,2";
				TEST_TARGET_NAME = "Promises&Codeables";
			};
			name = Debug;
		};
		48EFA4C920FF1A8F00569893 /* Release */ = {
			isa = XCBuildConfiguration;
			baseConfigurationReference = 98C53AE4D24A85FC974FE0AE /* Pods-Promises&CodeablesUITests.release.xcconfig */;
			buildSettings = {
				ALWAYS_EMBED_SWIFT_STANDARD_LIBRARIES = YES;
				CODE_SIGN_STYLE = Automatic;
				INFOPLIST_FILE = "Promises&CodeablesUITests/Info.plist";
				LD_RUNPATH_SEARCH_PATHS = (
					"$(inherited)",
					"@executable_path/Frameworks",
					"@loader_path/Frameworks",
				);
				PRODUCT_BUNDLE_IDENTIFIER = "com.Striker.Promises-CodeablesUITests";
				PRODUCT_NAME = "$(TARGET_NAME)";
				SWIFT_VERSION = 4.0;
				TARGETED_DEVICE_FAMILY = "1,2";
				TEST_TARGET_NAME = "Promises&Codeables";
			};
			name = Release;
		};
/* End XCBuildConfiguration section */

/* Begin XCConfigurationList section */
		48EFA49120FF1A8E00569893 /* Build configuration list for PBXProject "Promises&Codeables" */ = {
			isa = XCConfigurationList;
			buildConfigurations = (
				48EFA4BF20FF1A8F00569893 /* Debug */,
				48EFA4C020FF1A8F00569893 /* Release */,
			);
			defaultConfigurationIsVisible = 0;
			defaultConfigurationName = Release;
		};
		48EFA4C120FF1A8F00569893 /* Build configuration list for PBXNativeTarget "Promises&Codeables" */ = {
			isa = XCConfigurationList;
			buildConfigurations = (
				48EFA4C220FF1A8F00569893 /* Debug */,
				48EFA4C320FF1A8F00569893 /* Release */,
			);
			defaultConfigurationIsVisible = 0;
			defaultConfigurationName = Release;
		};
		48EFA4C420FF1A8F00569893 /* Build configuration list for PBXNativeTarget "Promises&CodeablesTests" */ = {
			isa = XCConfigurationList;
			buildConfigurations = (
				48EFA4C520FF1A8F00569893 /* Debug */,
				48EFA4C620FF1A8F00569893 /* Release */,
			);
			defaultConfigurationIsVisible = 0;
			defaultConfigurationName = Release;
		};
		48EFA4C720FF1A8F00569893 /* Build configuration list for PBXNativeTarget "Promises&CodeablesUITests" */ = {
			isa = XCConfigurationList;
			buildConfigurations = (
				48EFA4C820FF1A8F00569893 /* Debug */,
				48EFA4C920FF1A8F00569893 /* Release */,
			);
			defaultConfigurationIsVisible = 0;
			defaultConfigurationName = Release;
		};
/* End XCConfigurationList section */

/* Begin XCVersionGroup section */
		48EFA4A020FF1A8E00569893 /* Promises_Codeables.xcdatamodeld */ = {
			isa = XCVersionGroup;
			children = (
				48EFA4A120FF1A8E00569893 /* Promises_Codeables.xcdatamodel */,
			);
			currentVersion = 48EFA4A120FF1A8E00569893 /* Promises_Codeables.xcdatamodel */;
			path = Promises_Codeables.xcdatamodeld;
			sourceTree = "<group>";
			versionGroupType = wrapper.xcdatamodel;
		};
/* End XCVersionGroup section */
	};
	rootObject = 48EFA48E20FF1A8E00569893 /* Project object */;
}
